// !$*UTF8*$!
{
	archiveVersion = 1;
	classes = {
	};
	objectVersion = 46;
	objects = {

/* Begin PBXBuildFile section */
		3FD9CFF41E74E93F00326719 /* calculator.swift in Sources */ = {isa = PBXBuildFile; fileRef = 3FD9CFF31E74E93F00326719 /* calculator.swift */; };
		3FEFF6021E40449500E31466 /* AppDelegate.swift in Sources */ = {isa = PBXBuildFile; fileRef = 3FEFF6011E40449500E31466 /* AppDelegate.swift */; };
		3FEFF6041E40449500E31466 /* ViewController.swift in Sources */ = {isa = PBXBuildFile; fileRef = 3FEFF6031E40449500E31466 /* ViewController.swift */; };
		3FEFF6071E40449500E31466 /* Main.storyboard in Resources */ = {isa = PBXBuildFile; fileRef = 3FEFF6051E40449500E31466 /* Main.storyboard */; };
		3FEFF6091E40449500E31466 /* Assets.xcassets in Resources */ = {isa = PBXBuildFile; fileRef = 3FEFF6081E40449500E31466 /* Assets.xcassets */; };
		3FEFF60C1E40449500E31466 /* LaunchScreen.storyboard in Resources */ = {isa = PBXBuildFile; fileRef = 3FEFF60A1E40449500E31466 /* LaunchScreen.storyboard */; };
		3FEFF6171E40449500E31466 /* calculatorTests.swift in Sources */ = {isa = PBXBuildFile; fileRef = 3FEFF6161E40449500E31466 /* calculatorTests.swift */; };
		3FEFF6221E40449500E31466 /* calculatorUITests.swift in Sources */ = {isa = PBXBuildFile; fileRef = 3FEFF6211E40449500E31466 /* calculatorUITests.swift */; };
/* End PBXBuildFile section */

/* Begin PBXContainerItemProxy section */
		3FEFF6131E40449500E31466 /* PBXContainerItemProxy */ = {
			isa = PBXContainerItemProxy;
			containerPortal = 3FEFF5F61E40449400E31466 /* Project object */;
			proxyType = 1;
			remoteGlobalIDString = 3FEFF5FD1E40449400E31466;
			remoteInfo = calculator;
		};
		3FEFF61E1E40449500E31466 /* PBXContainerItemProxy */ = {
			isa = PBXContainerItemProxy;
			containerPortal = 3FEFF5F61E40449400E31466 /* Project object */;
			proxyType = 1;
			remoteGlobalIDString = 3FEFF5FD1E40449400E31466;
			remoteInfo = calculator;
		};
/* End PBXContainerItemProxy section */

/* Begin PBXFileReference section */
		3FD9CFF31E74E93F00326719 /* calculator.swift */ = {isa = PBXFileReference; fileEncoding = 4; lastKnownFileType = sourcecode.swift; path = calculator.swift; sourceTree = "<group>"; };
		3FEFF5FE1E40449500E31466 /* calculator.app */ = {isa = PBXFileReference; explicitFileType = wrapper.application; includeInIndex = 0; path = calculator.app; sourceTree = BUILT_PRODUCTS_DIR; };
		3FEFF6011E40449500E31466 /* AppDelegate.swift */ = {isa = PBXFileReference; lastKnownFileType = sourcecode.swift; path = AppDelegate.swift; sourceTree = "<group>"; };
		3FEFF6031E40449500E31466 /* ViewController.swift */ = {isa = PBXFileReference; lastKnownFileType = sourcecode.swift; path = ViewController.swift; sourceTree = "<group>"; };
		3FEFF6061E40449500E31466 /* Base */ = {isa = PBXFileReference; lastKnownFileType = file.storyboard; name = Base; path = Base.lproj/Main.storyboard; sourceTree = "<group>"; };
		3FEFF6081E40449500E31466 /* Assets.xcassets */ = {isa = PBXFileReference; lastKnownFileType = folder.assetcatalog; path = Assets.xcassets; sourceTree = "<group>"; };
		3FEFF60B1E40449500E31466 /* Base */ = {isa = PBXFileReference; lastKnownFileType = file.storyboard; name = Base; path = Base.lproj/LaunchScreen.storyboard; sourceTree = "<group>"; };
		3FEFF60D1E40449500E31466 /* Info.plist */ = {isa = PBXFileReference; lastKnownFileType = text.plist.xml; path = Info.plist; sourceTree = "<group>"; };
		3FEFF6121E40449500E31466 /* calculatorTests.xctest */ = {isa = PBXFileReference; explicitFileType = wrapper.cfbundle; includeInIndex = 0; path = calculatorTests.xctest; sourceTree = BUILT_PRODUCTS_DIR; };
		3FEFF6161E40449500E31466 /* calculatorTests.swift */ = {isa = PBXFileReference; lastKnownFileType = sourcecode.swift; path = calculatorTests.swift; sourceTree = "<group>"; };
		3FEFF6181E40449500E31466 /* Info.plist */ = {isa = PBXFileReference; lastKnownFileType = text.plist.xml; path = Info.plist; sourceTree = "<group>"; };
		3FEFF61D1E40449500E31466 /* calculatorUITests.xctest */ = {isa = PBXFileReference; explicitFileType = wrapper.cfbundle; includeInIndex = 0; path = calculatorUITests.xctest; sourceTree = BUILT_PRODUCTS_DIR; };
		3FEFF6211E40449500E31466 /* calculatorUITests.swift */ = {isa = PBXFileReference; lastKnownFileType = sourcecode.swift; path = calculatorUITests.swift; sourceTree = "<group>"; };
		3FEFF6231E40449500E31466 /* Info.plist */ = {isa = PBXFileReference; lastKnownFileType = text.plist.xml; path = Info.plist; sourceTree = "<group>"; };
/* End PBXFileReference section */

/* Begin PBXFrameworksBuildPhase section */
		3FEFF5FB1E40449400E31466 /* Frameworks */ = {
			isa = PBXFrameworksBuildPhase;
			buildActionMask = 2147483647;
			files = (
			);
			runOnlyForDeploymentPostprocessing = 0;
		};
		3FEFF60F1E40449500E31466 /* Frameworks */ = {
			isa = PBXFrameworksBuildPhase;
			buildActionMask = 2147483647;
			files = (
			);
			runOnlyForDeploymentPostprocessing = 0;
		};
		3FEFF61A1E40449500E31466 /* Frameworks */ = {
			isa = PBXFrameworksBuildPhase;
			buildActionMask = 2147483647;
			files = (
			);
			runOnlyForDeploymentPostprocessing = 0;
		};
/* End PBXFrameworksBuildPhase section */

/* Begin PBXGroup section */
		3FEFF5F51E40449400E31466 = {
			isa = PBXGroup;
			children = (
				3FEFF6001E40449500E31466 /* calculator */,
				3FEFF6151E40449500E31466 /* calculatorTests */,
				3FEFF6201E40449500E31466 /* calculatorUITests */,
				3FEFF5FF1E40449500E31466 /* Products */,
			);
			sourceTree = "<group>";
		};
		3FEFF5FF1E40449500E31466 /* Products */ = {
			isa = PBXGroup;
			children = (
				3FEFF5FE1E40449500E31466 /* calculator.app */,
				3FEFF6121E40449500E31466 /* calculatorTests.xctest */,
				3FEFF61D1E40449500E31466 /* calculatorUITests.xctest */,
			);
			name = Products;
			sourceTree = "<group>";
		};
		3FEFF6001E40449500E31466 /* calculator */ = {
			isa = PBXGroup;
			children = (
				3FEFF6011E40449500E31466 /* AppDelegate.swift */,
				3FEFF6031E40449500E31466 /* ViewController.swift */,
				3FEFF6051E40449500E31466 /* Main.storyboard */,
				3FEFF6081E40449500E31466 /* Assets.xcassets */,
				3FEFF60A1E40449500E31466 /* LaunchScreen.storyboard */,
				3FEFF60D1E40449500E31466 /* Info.plist */,
				3FD9CFF31E74E93F00326719 /* calculator.swift */,
			);
			path = calculator;
			sourceTree = "<group>";
		};
		3FEFF6151E40449500E31466 /* calculatorTests */ = {
			isa = PBXGroup;
			children = (
				3FEFF6161E40449500E31466 /* calculatorTests.swift */,
				3FEFF6181E40449500E31466 /* Info.plist */,
			);
			path = calculatorTests;
			sourceTree = "<group>";
		};
		3FEFF6201E40449500E31466 /* calculatorUITests */ = {
			isa = PBXGroup;
			children = (
				3FEFF6211E40449500E31466 /* calculatorUITests.swift */,
				3FEFF6231E40449500E31466 /* Info.plist */,
			);
			path = calculatorUITests;
			sourceTree = "<group>";
		};
/* End PBXGroup section */

/* Begin PBXNativeTarget section */
		3FEFF5FD1E40449400E31466 /* calculator */ = {
			isa = PBXNativeTarget;
			buildConfigurationList = 3FEFF6261E40449500E31466 /* Build configuration list for PBXNativeTarget "calculator" */;
			buildPhases = (
				3FEFF5FA1E40449400E31466 /* Sources */,
				3FEFF5FB1E40449400E31466 /* Frameworks */,
				3FEFF5FC1E40449400E31466 /* Resources */,
			);
			buildRules = (
			);
			dependencies = (
			);
			name = calculator;
			productName = calculator;
			productReference = 3FEFF5FE1E40449500E31466 /* calculator.app */;
			productType = "com.apple.product-type.application";
		};
		3FEFF6111E40449500E31466 /* calculatorTests */ = {
			isa = PBXNativeTarget;
			buildConfigurationList = 3FEFF6291E40449500E31466 /* Build configuration list for PBXNativeTarget "calculatorTests" */;
			buildPhases = (
				3FEFF60E1E40449500E31466 /* Sources */,
				3FEFF60F1E40449500E31466 /* Frameworks */,
				3FEFF6101E40449500E31466 /* Resources */,
			);
			buildRules = (
			);
			dependencies = (
				3FEFF6141E40449500E31466 /* PBXTargetDependency */,
			);
			name = calculatorTests;
			productName = calculatorTests;
			productReference = 3FEFF6121E40449500E31466 /* calculatorTests.xctest */;
			productType = "com.apple.product-type.bundle.unit-test";
		};
		3FEFF61C1E40449500E31466 /* calculatorUITests */ = {
			isa = PBXNativeTarget;
			buildConfigurationList = 3FEFF62C1E40449500E31466 /* Build configuration list for PBXNativeTarget "calculatorUITests" */;
			buildPhases = (
				3FEFF6191E40449500E31466 /* Sources */,
				3FEFF61A1E40449500E31466 /* Frameworks */,
				3FEFF61B1E40449500E31466 /* Resources */,
			);
			buildRules = (
			);
			dependencies = (
				3FEFF61F1E40449500E31466 /* PBXTargetDependency */,
			);
			name = calculatorUITests;
			productName = calculatorUITests;
			productReference = 3FEFF61D1E40449500E31466 /* calculatorUITests.xctest */;
			productType = "com.apple.product-type.bundle.ui-testing";
		};
/* End PBXNativeTarget section */

/* Begin PBXProject section */
		3FEFF5F61E40449400E31466 /* Project object */ = {
			isa = PBXProject;
			attributes = {
				LastSwiftUpdateCheck = 0730;
				LastUpgradeCheck = 0730;
				ORGANIZATIONNAME = "Luke Lauerman";
				TargetAttributes = {
					3FEFF5FD1E40449400E31466 = {
						CreatedOnToolsVersion = 7.3.1;
					};
					3FEFF6111E40449500E31466 = {
						CreatedOnToolsVersion = 7.3.1;
						TestTargetID = 3FEFF5FD1E40449400E31466;
					};
					3FEFF61C1E40449500E31466 = {
						CreatedOnToolsVersion = 7.3.1;
						TestTargetID = 3FEFF5FD1E40449400E31466;
					};
				};
			};
			buildConfigurationList = 3FEFF5F91E40449400E31466 /* Build configuration list for PBXProject "calculator" */;
			compatibilityVersion = "Xcode 3.2";
			developmentRegion = English;
			hasScannedForEncodings = 0;
			knownRegions = (
				en,
				Base,
			);
			mainGroup = 3FEFF5F51E40449400E31466;
			productRefGroup = 3FEFF5FF1E40449500E31466 /* Products */;
			projectDirPath = "";
			projectRoot = "";
			targets = (
				3FEFF5FD1E40449400E31466 /* calculator */,
				3FEFF6111E40449500E31466 /* calculatorTests */,
				3FEFF61C1E40449500E31466 /* calculatorUITests */,
			);
		};
/* End PBXProject section */

/* Begin PBXResourcesBuildPhase section */
		3FEFF5FC1E40449400E31466 /* Resources */ = {
			isa = PBXResourcesBuildPhase;
			buildActionMask = 2147483647;
			files = (
				3FEFF60C1E40449500E31466 /* LaunchScreen.storyboard in Resources */,
				3FEFF6091E40449500E31466 /* Assets.xcassets in Resources */,
				3FEFF6071E40449500E31466 /* Main.storyboard in Resources */,
			);
			runOnlyForDeploymentPostprocessing = 0;
		};
		3FEFF6101E40449500E31466 /* Resources */ = {
			isa = PBXResourcesBuildPhase;
			buildActionMask = 2147483647;
			files = (
			);
			runOnlyForDeploymentPostprocessing = 0;
		};
		3FEFF61B1E40449500E31466 /* Resources */ = {
			isa = PBXResourcesBuildPhase;
			buildActionMask = 2147483647;
			files = (
			);
			runOnlyForDeploymentPostprocessing = 0;
		};
/* End PBXResourcesBuildPhase section */

/* Begin PBXSourcesBuildPhase section */
		3FEFF5FA1E40449400E31466 /* Sources */ = {
			isa = PBXSourcesBuildPhase;
			buildActionMask = 2147483647;
			files = (
				3FD9CFF41E74E93F00326719 /* calculator.swift in Sources */,
				3FEFF6041E40449500E31466 /* ViewController.swift in Sources */,
				3FEFF6021E40449500E31466 /* AppDelegate.swift in Sources */,
			);
			runOnlyForDeploymentPostprocessing = 0;
		};
		3FEFF60E1E40449500E31466 /* Sources */ = {
			isa = PBXSourcesBuildPhase;
			buildActionMask = 2147483647;
			files = (
				3FEFF6171E40449500E31466 /* calculatorTests.swift in Sources */,
			);
			runOnlyForDeploymentPostprocessing = 0;
		};
		3FEFF6191E40449500E31466 /* Sources */ = {
			isa = PBXSourcesBuildPhase;
			buildActionMask = 2147483647;
			files = (
				3FEFF6221E40449500E31466 /* calculatorUITests.swift in Sources */,
			);
			runOnlyForDeploymentPostprocessing = 0;
		};
/* End PBXSourcesBuildPhase section */

/* Begin PBXTargetDependency section */
		3FEFF6141E40449500E31466 /* PBXTargetDependency */ = {
			isa = PBXTargetDependency;
			target = 3FEFF5FD1E40449400E31466 /* calculator */;
			targetProxy = 3FEFF6131E40449500E31466 /* PBXContainerItemProxy */;
		};
		3FEFF61F1E40449500E31466 /* PBXTargetDependency */ = {
			isa = PBXTargetDependency;
			target = 3FEFF5FD1E40449400E31466 /* calculator */;
			targetProxy = 3FEFF61E1E40449500E31466 /* PBXContainerItemProxy */;
		};
/* End PBXTargetDependency section */

/* Begin PBXVariantGroup section */
		3FEFF6051E40449500E31466 /* Main.storyboard */ = {
			isa = PBXVariantGroup;
			children = (
				3FEFF6061E40449500E31466 /* Base */,
			);
			name = Main.storyboard;
			sourceTree = "<group>";
		};
		3FEFF60A1E40449500E31466 /* LaunchScreen.storyboard */ = {
			isa = PBXVariantGroup;
			children = (
				3FEFF60B1E40449500E31466 /* Base */,
			);
			name = LaunchScreen.storyboard;
			sourceTree = "<group>";
		};
/* End PBXVariantGroup section */

/* Begin XCBuildConfiguration section */
		3FEFF6241E40449500E31466 /* Debug */ = {
			isa = XCBuildConfiguration;
			buildSettings = {
				ALWAYS_SEARCH_USER_PATHS = NO;
				CLANG_ANALYZER_NONNULL = YES;
				CLANG_CXX_LANGUAGE_STANDARD = "gnu++0x";
				CLANG_CXX_LIBRARY = "libc++";
				CLANG_ENABLE_MODULES = YES;
				CLANG_ENABLE_OBJC_ARC = YES;
				CLANG_WARN_BOOL_CONVERSION = YES;
				CLANG_WARN_CONSTANT_CONVERSION = YES;
				CLANG_WARN_DIRECT_OBJC_ISA_USAGE = YES_ERROR;
				CLANG_WARN_EMPTY_BODY = YES;
				CLANG_WARN_ENUM_CONVERSION = YES;
				CLANG_WARN_INT_CONVERSION = YES;
				CLANG_WARN_OBJC_ROOT_CLASS = YES_ERROR;
				CLANG_WARN_UNREACHABLE_CODE = YES;
				CLANG_WARN__DUPLICATE_METHOD_MATCH = YES;
				"CODE_SIGN_IDENTITY[sdk=iphoneos*]" = "iPhone Developer";
				COPY_PHASE_STRIP = NO;
				DEBUG_INFORMATION_FORMAT = dwarf;
				ENABLE_STRICT_OBJC_MSGSEND = YES;
				ENABLE_TESTABILITY = YES;
				GCC_C_LANGUAGE_STANDARD = gnu99;
				GCC_DYNAMIC_NO_PIC = NO;
				GCC_NO_COMMON_BLOCKS = YES;
				GCC_OPTIMIZATION_LEVEL = 0;
				GCC_PREPROCESSOR_DEFINITIONS = (
					"DEBUG=1",
					"$(inherited)",
				);
				GCC_WARN_64_TO_32_BIT_CONVERSION = YES;
				GCC_WARN_ABOUT_RETURN_TYPE = YES_ERROR;
				GCC_WARN_UNDECLARED_SELECTOR = YES;
				GCC_WARN_UNINITIALIZED_AUTOS = YES_AGGRESSIVE;
				GCC_WARN_UNUSED_FUNCTION = YES;
				GCC_WARN_UNUSED_VARIABLE = YES;
				IPHONEOS_DEPLOYMENT_TARGET = 9.3;
				MTL_ENABLE_DEBUG_INFO = YES;
				ONLY_ACTIVE_ARCH = YES;
				SDKROOT = iphoneos;
				SWIFT_OPTIMIZATION_LEVEL = "-Onone";
				TARGETED_DEVICE_FAMILY = "1,2";
			};
			name = Debug;
		};
		3FEFF6251E40449500E31466 /* Release */ = {
			isa = XCBuildConfiguration;
			buildSettings = {
				ALWAYS_SEARCH_USER_PATHS = NO;
				CLANG_ANALYZER_NONNULL = YES;
				CLANG_CXX_LANGUAGE_STANDARD = "gnu++0x";
				CLANG_CXX_LIBRARY = "libc++";
				CLANG_ENABLE_MODULES = YES;
				CLANG_ENABLE_OBJC_ARC = YES;
				CLANG_WARN_BOOL_CONVERSION = YES;
				CLANG_WARN_CONSTANT_CONVERSION = YES;
				CLANG_WARN_DIRECT_OBJC_ISA_USAGE = YES_ERROR;
				CLANG_WARN_EMPTY_BODY = YES;
				CLANG_WARN_ENUM_CONVERSION = YES;
				CLANG_WARN_INT_CONVERSION = YES;
				CLANG_WARN_OBJC_ROOT_CLASS = YES_ERROR;
				CLANG_WARN_UNREACHABLE_CODE = YES;
				CLANG_WARN__DUPLICATE_METHOD_MATCH = YES;
				"CODE_SIGN_IDENTITY[sdk=iphoneos*]" = "iPhone Developer";
				COPY_PHASE_STRIP = NO;
				DEBUG_INFORMATION_FORMAT = "dwarf-with-dsym";
				ENABLE_NS_ASSERTIONS = NO;
				ENABLE_STRICT_OBJC_MSGSEND = YES;
				GCC_C_LANGUAGE_STANDARD = gnu99;
				GCC_NO_COMMON_BLOCKS = YES;
				GCC_WARN_64_TO_32_BIT_CONVERSION = YES;
				GCC_WARN_ABOUT_RETURN_TYPE = YES_ERROR;
				GCC_WARN_UNDECLARED_SELECTOR = YES;
				GCC_WARN_UNINITIALIZED_AUTOS = YES_AGGRESSIVE;
				GCC_WARN_UNUSED_FUNCTION = YES;
				GCC_WARN_UNUSED_VARIABLE = YES;
				IPHONEOS_DEPLOYMENT_TARGET = 9.3;
				MTL_ENABLE_DEBUG_INFO = NO;
				SDKROOT = iphoneos;
				TARGETED_DEVICE_FAMILY = "1,2";
				VALIDATE_PRODUCT = YES;
			};
			name = Release;
		};
		3FEFF6271E40449500E31466 /* Debug */ = {
			isa = XCBuildConfiguration;
			buildSettings = {
				ASSETCATALOG_COMPILER_APPICON_NAME = AppIcon;
				CODE_SIGN_IDENTITY = "iPhone Developer";
				INFOPLIST_FILE = calculator/Info.plist;
				LD_RUNPATH_SEARCH_PATHS = "$(inherited) @executable_path/Frameworks";
				PRODUCT_BUNDLE_IDENTIFIER = com.ezpzdev.calculator;
				PRODUCT_NAME = "$(TARGET_NAME)";
			};
			name = Debug;
		};
		3FEFF6281E40449500E31466 /* Release */ = {
			isa = XCBuildConfiguration;
			buildSettings = {
				ASSETCATALOG_COMPILER_APPICON_NAME = AppIcon;
				CODE_SIGN_IDENTITY = "iPhone Developer";
				INFOPLIST_FILE = calculator/Info.plist;
				LD_RUNPATH_SEARCH_PATHS = "$(inherited) @executable_path/Frameworks";
				PRODUCT_BUNDLE_IDENTIFIER = com.ezpzdev.calculator;
				PRODUCT_NAME = "$(TARGET_NAME)";
			};
			name = Release;
		};
		3FEFF62A1E40449500E31466 /* Debug */ = {
			isa = XCBuildConfiguration;
			buildSettings = {
				BUNDLE_LOADER = "$(TEST_HOST)";
				INFOPLIST_FILE = calculatorTests/Info.plist;
				LD_RUNPATH_SEARCH_PATHS = "$(inherited) @executable_path/Frameworks @loader_path/Frameworks";
				PRODUCT_BUNDLE_IDENTIFIER = com.ezpzdev.calculatorTests;
				PRODUCT_NAME = "$(TARGET_NAME)";
				TEST_HOST = "$(BUILT_PRODUCTS_DIR)/calculator.app/calculator";
			};
			name = Debug;
		};
		3FEFF62B1E40449500E31466 /* Release */ = {
			isa = XCBuildConfiguration;
			buildSettings = {
				BUNDLE_LOADER = "$(TEST_HOST)";
				INFOPLIST_FILE = calculatorTests/Info.plist;
				LD_RUNPATH_SEARCH_PATHS = "$(inherited) @executable_path/Frameworks @loader_path/Frameworks";
				PRODUCT_BUNDLE_IDENTIFIER = com.ezpzdev.calculatorTests;
				PRODUCT_NAME = "$(TARGET_NAME)";
				TEST_HOST = "$(BUILT_PRODUCTS_DIR)/calculator.app/calculator";
			};
			name = Release;
		};
		3FEFF62D1E40449500E31466 /* Debug */ = {
			isa = XCBuildConfiguration;
			buildSettings = {
				INFOPLIST_FILE = calculatorUITests/Info.plist;
				LD_RUNPATH_SEARCH_PATHS = "$(inherited) @executable_path/Frameworks @loader_path/Frameworks";
				PRODUCT_BUNDLE_IDENTIFIER = com.ezpzdev.calculatorUITests;
				PRODUCT_NAME = "$(TARGET_NAME)";
				TEST_TARGET_NAME = calculator;
			};
			name = Debug;
		};
		3FEFF62E1E40449500E31466 /* Release */ = {
			isa = XCBuildConfiguration;
			buildSettings = {
				INFOPLIST_FILE = calculatorUITests/Info.plist;
				LD_RUNPATH_SEARCH_PATHS = "$(inherited) @executable_path/Frameworks @loader_path/Frameworks";
				PRODUCT_BUNDLE_IDENTIFIER = com.ezpzdev.calculatorUITests;
				PRODUCT_NAME = "$(TARGET_NAME)";
				TEST_TARGET_NAME = calculator;
			};
			name = Release;
		};
/* End XCBuildConfiguration section */

/* Begin XCConfigurationList section */
		3FEFF5F91E40449400E31466 /* Build configuration list for PBXProject "calculator" */ = {
			isa = XCConfigurationList;
			buildConfigurations = (
				3FEFF6241E40449500E31466 /* Debug */,
				3FEFF6251E40449500E31466 /* Release */,
			);
			defaultConfigurationIsVisible = 0;
			defaultConfigurationName = Release;
		};
		3FEFF6261E40449500E31466 /* Build configuration list for PBXNativeTarget "calculator" */ = {
			isa = XCConfigurationList;
			buildConfigurations = (
				3FEFF6271E40449500E31466 /* Debug */,
				3FEFF6281E40449500E31466 /* Release */,
			);
			defaultConfigurationIsVisible = 0;
			defaultConfigurationName = Release;
		};
		3FEFF6291E40449500E31466 /* Build configuration list for PBXNativeTarget "calculatorTests" */ = {
			isa = XCConfigurationList;
			buildConfigurations = (
				3FEFF62A1E40449500E31466 /* Debug */,
				3FEFF62B1E40449500E31466 /* Release */,
			);
			defaultConfigurationIsVisible = 0;
			defaultConfigurationName = Release;
		};
		3FEFF62C1E40449500E31466 /* Build configuration list for PBXNativeTarget "calculatorUITests" */ = {
			isa = XCConfigurationList;
			buildConfigurations = (
				3FEFF62D1E40449500E31466 /* Debug */,
				3FEFF62E1E40449500E31466 /* Release */,
			);
			defaultConfigurationIsVisible = 0;
			defaultConfigurationName = Release;
		};
/* End XCConfigurationList section */
	};
	rootObject = 3FEFF5F61E40449400E31466 /* Project object */;
}
